
Microsoft Visual Studio Solution File, Format Version 12.00
# Visual Studio Version 17
VisualStudioVersion = 17.4.33205.214
MinimumVisualStudioVersion = 10.0.40219.1
Project("{FAE04EC0-301F-11D3-BF4B-00C04F79EFBC}") = "YOLIC", "YOLIC.csproj", "{4BAC49C5-1024-45D7-B3D5-75BDF2B2968C}"
EndProject
Project("{54435603-DBB4-11D2-8724-00A0C9A8B90C}") = "Installer", "..\Installer\Installer.vdproj", "{FC8384F3-E1EA-4F62-8359-223EA881D447}"
EndProject
Global
	GlobalSection(SolutionConfigurationPlatforms) = preSolution
		Debug|Any CPU = Debug|Any CPU
		Debug|x64 = Debug|x64
		Release|Any CPU = Release|Any CPU
		Release|x64 = Release|x64
	EndGlobalSection
	GlobalSection(ProjectConfigurationPlatforms) = postSolution
		{4BAC49C5-1024-45D7-B3D5-75BDF2B2968C}.Debug|Any CPU.ActiveCfg = Debug|Any CPU
		{4BAC49C5-1024-45D7-B3D5-75BDF2B2968C}.Debug|Any CPU.Build.0 = Debug|Any CPU
		{4BAC49C5-1024-45D7-B3D5-75BDF2B2968C}.Debug|x64.ActiveCfg = Debug|x64
		{4BAC49C5-1024-45D7-B3D5-75BDF2B2968C}.Debug|x64.Build.0 = Debug|x64
		{4BAC49C5-1024-45D7-B3D5-75BDF2B2968C}.Release|Any CPU.ActiveCfg = Release|Any CPU
		{4BAC49C5-1024-45D7-B3D5-75BDF2B2968C}.Release|Any CPU.Build.0 = Release|Any CPU
		{4BAC49C5-1024-45D7-B3D5-75BDF2B2968C}.Release|x64.ActiveCfg = Release|x64
		{4BAC49C5-1024-45D7-B3D5-75BDF2B2968C}.Release|x64.Build.0 = Release|x64
		{FC8384F3-E1EA-4F62-8359-223EA881D447}.Debug|Any CPU.ActiveCfg = Debug
		{FC8384F3-E1EA-4F62-8359-223EA881D447}.Debug|x64.ActiveCfg = Debug
		{FC8384F3-E1EA-4F62-8359-223EA881D447}.Release|Any CPU.ActiveCfg = Release
		{FC8384F3-E1EA-4F62-8359-223EA881D447}.Release|x64.ActiveCfg = Release
	EndGlobalSection
	GlobalSection(SolutionProperties) = preSolution
		HideSolutionNode = FALSE
	EndGlobalSection
	GlobalSection(ExtensibilityGlobals) = postSolution
		SolutionGuid = {127916CF-751B-4596-A9F5-0D60603790C7}
	EndGlobalSection
EndGlobal
